// !$*UTF8*$!
{
	archiveVersion = 1;
	classes = {
	};
	objectVersion = 56;
	objects = {

/* Begin PBXBuildFile section */
		4215F60D2B45CD7A007AD086 /* NewRoomViewModel.swift in Sources */ = {isa = PBXBuildFile; fileRef = 4215F60C2B45CD7A007AD086 /* NewRoomViewModel.swift */; };
		4215F60F2B45CE77007AD086 /* Room.swift in Sources */ = {isa = PBXBuildFile; fileRef = 4215F60E2B45CE77007AD086 /* Room.swift */; };
		4215F6122B45D242007AD086 /* NewRoomView.swift in Sources */ = {isa = PBXBuildFile; fileRef = 4215F6112B45D242007AD086 /* NewRoomView.swift */; };
		4215F6142B45F361007AD086 /* SideMenuItemButton.swift in Sources */ = {isa = PBXBuildFile; fileRef = 4215F6132B45F361007AD086 /* SideMenuItemButton.swift */; };
		4215F6162B460E50007AD086 /* SplashScreen.swift in Sources */ = {isa = PBXBuildFile; fileRef = 4215F6152B460E50007AD086 /* SplashScreen.swift */; };
		421661942B47218700F47CE2 /* RoomService.swift in Sources */ = {isa = PBXBuildFile; fileRef = 421661932B47218700F47CE2 /* RoomService.swift */; };
		421661962B472D7200F47CE2 /* PlayerService.swift in Sources */ = {isa = PBXBuildFile; fileRef = 421661952B472D7200F47CE2 /* PlayerService.swift */; };
		421661982B473D0F00F47CE2 /* Notification.swift in Sources */ = {isa = PBXBuildFile; fileRef = 421661972B473D0F00F47CE2 /* Notification.swift */; };
		4216619A2B4746AD00F47CE2 /* Enums.swift in Sources */ = {isa = PBXBuildFile; fileRef = 421661992B4746AD00F47CE2 /* Enums.swift */; };
		422994AD2B4B27D200F1F112 /* FirebaseMessaging in Frameworks */ = {isa = PBXBuildFile; productRef = 422994AC2B4B27D200F1F112 /* FirebaseMessaging */; };
		422994AF2B4B285100F1F112 /* Destination.swift in Sources */ = {isa = PBXBuildFile; fileRef = 422994AE2B4B285100F1F112 /* Destination.swift */; };
		422994B12B4B47A300F1F112 /* DestinationPickerView.swift in Sources */ = {isa = PBXBuildFile; fileRef = 422994B02B4B47A300F1F112 /* DestinationPickerView.swift */; };
		4229F9042B44E528008B04BB /* AnimatedHeader.swift in Sources */ = {isa = PBXBuildFile; fileRef = 4229F9032B44E528008B04BB /* AnimatedHeader.swift */; };
		422A7EE22B485E100063F2C2 /* ProfileView.swift in Sources */ = {isa = PBXBuildFile; fileRef = 422A7EE12B485E100063F2C2 /* ProfileView.swift */; };
		422A7EE42B4865020063F2C2 /* ProfileViewModel.swift in Sources */ = {isa = PBXBuildFile; fileRef = 422A7EE32B4865020063F2C2 /* ProfileViewModel.swift */; };
		422A7EE62B486DCC0063F2C2 /* FirebaseStorage in Frameworks */ = {isa = PBXBuildFile; productRef = 422A7EE52B486DCC0063F2C2 /* FirebaseStorage */; };
		422A7EE82B4889D80063F2C2 /* PhotoPicker.swift in Sources */ = {isa = PBXBuildFile; fileRef = 422A7EE72B4889D80063F2C2 /* PhotoPicker.swift */; };
		422A7EEA2B4894E60063F2C2 /* PhotoPickerPreview.swift in Sources */ = {isa = PBXBuildFile; fileRef = 422A7EE92B4894E60063F2C2 /* PhotoPickerPreview.swift */; };
		4249E0E92B49C3B10086B8F4 /* StorageService.swift in Sources */ = {isa = PBXBuildFile; fileRef = 4249E0E82B49C3B10086B8F4 /* StorageService.swift */; };
		4249E0EB2B4A1F700086B8F4 /* CardView.swift in Sources */ = {isa = PBXBuildFile; fileRef = 4249E0EA2B4A1F700086B8F4 /* CardView.swift */; };
		425707E52B478195003932E4 /* GradientStack.swift in Sources */ = {isa = PBXBuildFile; fileRef = 425707E42B478195003932E4 /* GradientStack.swift */; };
		425707E82B47929E003932E4 /* JoinRoomViewModel.swift in Sources */ = {isa = PBXBuildFile; fileRef = 425707E72B47929E003932E4 /* JoinRoomViewModel.swift */; };
		425707EA2B4792E2003932E4 /* JoinRoomView.swift in Sources */ = {isa = PBXBuildFile; fileRef = 425707E92B4792E2003932E4 /* JoinRoomView.swift */; };
		425B77B42B4454F100F30BAF /* MainViewModel.swift in Sources */ = {isa = PBXBuildFile; fileRef = 425B77B32B4454F100F30BAF /* MainViewModel.swift */; };
		425B77B62B44556400F30BAF /* LoginView.swift in Sources */ = {isa = PBXBuildFile; fileRef = 425B77B52B44556300F30BAF /* LoginView.swift */; };
		425B77B82B44557100F30BAF /* LoginViewModel.swift in Sources */ = {isa = PBXBuildFile; fileRef = 425B77B72B44557100F30BAF /* LoginViewModel.swift */; };
		425B77BB2B44614800F30BAF /* TTRButton.swift in Sources */ = {isa = PBXBuildFile; fileRef = 425B77BA2B44614800F30BAF /* TTRButton.swift */; };
		425B77BD2B44691200F30BAF /* RegisterView.swift in Sources */ = {isa = PBXBuildFile; fileRef = 425B77BC2B44691200F30BAF /* RegisterView.swift */; };
		425B77BF2B44691F00F30BAF /* RegisterViewModel.swift in Sources */ = {isa = PBXBuildFile; fileRef = 425B77BE2B44691F00F30BAF /* RegisterViewModel.swift */; };
		425B77C22B448F2D00F30BAF /* NavigationBackButton.swift in Sources */ = {isa = PBXBuildFile; fileRef = 425B77C12B448F2D00F30BAF /* NavigationBackButton.swift */; };
		4273E7202B4B9DA0005DFF41 /* RoomTimeline.swift in Sources */ = {isa = PBXBuildFile; fileRef = 4273E71F2B4B9DA0005DFF41 /* RoomTimeline.swift */; };
		427893142B50562E0069B4FE /* DestinationCardPickerViewModel.swift in Sources */ = {isa = PBXBuildFile; fileRef = 427893132B50562E0069B4FE /* DestinationCardPickerViewModel.swift */; };
		427893162B508F340069B4FE /* CurrentDestinationsView.swift in Sources */ = {isa = PBXBuildFile; fileRef = 427893152B508F340069B4FE /* CurrentDestinationsView.swift */; };
		42A642202B4F24D900D1CA0D /* PlayerModel.swift in Sources */ = {isa = PBXBuildFile; fileRef = 42A6421F2B4F24D900D1CA0D /* PlayerModel.swift */; };
		42A642222B4F3CD300D1CA0D /* RoundedTTRButton.swift in Sources */ = {isa = PBXBuildFile; fileRef = 42A642212B4F3CD300D1CA0D /* RoundedTTRButton.swift */; };
		42ACCE782B4A650800C059DC /* DestinationCard.swift in Sources */ = {isa = PBXBuildFile; fileRef = 42ACCE772B4A650800C059DC /* DestinationCard.swift */; };
		42AF08302B44D634002EB696 /* GoogleService-Info.plist in Resources */ = {isa = PBXBuildFile; fileRef = 42AF082F2B44D634002EB696 /* GoogleService-Info.plist */; };
		42B6AC812B4F8AD6008FBD9A /* GameDestinationCard.swift in Sources */ = {isa = PBXBuildFile; fileRef = 42B6AC802B4F8AD6008FBD9A /* GameDestinationCard.swift */; };
		42B9CB832B4BB69B00B20554 /* FirebaseFirestoreSwift in Frameworks */ = {isa = PBXBuildFile; productRef = 42B9CB822B4BB69B00B20554 /* FirebaseFirestoreSwift */; };
		42DB268E2B430DE20051C31A /* TTR_MultiplayerApp.swift in Sources */ = {isa = PBXBuildFile; fileRef = 42DB268D2B430DE20051C31A /* TTR_MultiplayerApp.swift */; };
		42DB26902B430DE20051C31A /* MainView.swift in Sources */ = {isa = PBXBuildFile; fileRef = 42DB268F2B430DE20051C31A /* MainView.swift */; };
		42DB26922B430DE20051C31A /* Assets.xcassets in Resources */ = {isa = PBXBuildFile; fileRef = 42DB26912B430DE20051C31A /* Assets.xcassets */; };
		42DB26952B430DE20051C31A /* Preview Assets.xcassets in Resources */ = {isa = PBXBuildFile; fileRef = 42DB26942B430DE20051C31A /* Preview Assets.xcassets */; };
		42DB26DA2B4390500051C31A /* SideMenu.swift in Sources */ = {isa = PBXBuildFile; fileRef = 42DB26D92B4390500051C31A /* SideMenu.swift */; };
		42DB26DD2B43968F0051C31A /* ViewExtensions.swift in Sources */ = {isa = PBXBuildFile; fileRef = 42DB26DC2B43968F0051C31A /* ViewExtensions.swift */; };
		42DB26E02B439A930051C31A /* SideMenuItemLink.swift in Sources */ = {isa = PBXBuildFile; fileRef = 42DB26DF2B439A930051C31A /* SideMenuItemLink.swift */; };
		42F085932B44FB1300F171EE /* FirebaseAuth in Frameworks */ = {isa = PBXBuildFile; productRef = 42F085922B44FB1300F171EE /* FirebaseAuth */; };
		42F085952B44FC9700F171EE /* Player.swift in Sources */ = {isa = PBXBuildFile; fileRef = 42F085942B44FC9700F171EE /* Player.swift */; };
		42F085972B44FD6100F171EE /* FirebaseFirestore in Frameworks */ = {isa = PBXBuildFile; productRef = 42F085962B44FD6100F171EE /* FirebaseFirestore */; };
		42F085992B44FDD300F171EE /* JsonEncoder.swift in Sources */ = {isa = PBXBuildFile; fileRef = 42F085982B44FDD300F171EE /* JsonEncoder.swift */; };
		42FA97EB2B44B48D00B89772 /* FirebaseAnalytics in Frameworks */ = {isa = PBXBuildFile; productRef = 42FA97EA2B44B48D00B89772 /* FirebaseAnalytics */; };
		42FA97ED2B44B48D00B89772 /* FirebaseAnalyticsOnDeviceConversion in Frameworks */ = {isa = PBXBuildFile; productRef = 42FA97EC2B44B48D00B89772 /* FirebaseAnalyticsOnDeviceConversion */; };
		42FA97EF2B44B48D00B89772 /* FirebaseAnalyticsSwift in Frameworks */ = {isa = PBXBuildFile; productRef = 42FA97EE2B44B48D00B89772 /* FirebaseAnalyticsSwift */; };
		42FA97F12B44B48D00B89772 /* FirebaseAnalyticsWithoutAdIdSupport in Frameworks */ = {isa = PBXBuildFile; productRef = 42FA97F02B44B48D00B89772 /* FirebaseAnalyticsWithoutAdIdSupport */; };
		42FA97F32B44B48D00B89772 /* FirebaseAppCheck in Frameworks */ = {isa = PBXBuildFile; productRef = 42FA97F22B44B48D00B89772 /* FirebaseAppCheck */; };
/* End PBXBuildFile section */

/* Begin PBXFileReference section */
		4215F60C2B45CD7A007AD086 /* NewRoomViewModel.swift */ = {isa = PBXFileReference; lastKnownFileType = sourcecode.swift; path = NewRoomViewModel.swift; sourceTree = "<group>"; };
		4215F60E2B45CE77007AD086 /* Room.swift */ = {isa = PBXFileReference; lastKnownFileType = sourcecode.swift; path = Room.swift; sourceTree = "<group>"; };
		4215F6112B45D242007AD086 /* NewRoomView.swift */ = {isa = PBXFileReference; lastKnownFileType = sourcecode.swift; path = NewRoomView.swift; sourceTree = "<group>"; };
		4215F6132B45F361007AD086 /* SideMenuItemButton.swift */ = {isa = PBXFileReference; lastKnownFileType = sourcecode.swift; path = SideMenuItemButton.swift; sourceTree = "<group>"; };
		4215F6152B460E50007AD086 /* SplashScreen.swift */ = {isa = PBXFileReference; lastKnownFileType = sourcecode.swift; path = SplashScreen.swift; sourceTree = "<group>"; };
		421661932B47218700F47CE2 /* RoomService.swift */ = {isa = PBXFileReference; lastKnownFileType = sourcecode.swift; path = RoomService.swift; sourceTree = "<group>"; };
		421661952B472D7200F47CE2 /* PlayerService.swift */ = {isa = PBXFileReference; lastKnownFileType = sourcecode.swift; path = PlayerService.swift; sourceTree = "<group>"; };
		421661972B473D0F00F47CE2 /* Notification.swift */ = {isa = PBXFileReference; lastKnownFileType = sourcecode.swift; path = Notification.swift; sourceTree = "<group>"; };
		421661992B4746AD00F47CE2 /* Enums.swift */ = {isa = PBXFileReference; lastKnownFileType = sourcecode.swift; path = Enums.swift; sourceTree = "<group>"; };
		422994AE2B4B285100F1F112 /* Destination.swift */ = {isa = PBXFileReference; lastKnownFileType = sourcecode.swift; path = Destination.swift; sourceTree = "<group>"; };
		422994B02B4B47A300F1F112 /* DestinationPickerView.swift */ = {isa = PBXFileReference; lastKnownFileType = sourcecode.swift; path = DestinationPickerView.swift; sourceTree = "<group>"; };
		4229F9032B44E528008B04BB /* AnimatedHeader.swift */ = {isa = PBXFileReference; lastKnownFileType = sourcecode.swift; path = AnimatedHeader.swift; sourceTree = "<group>"; };
		422A7EE12B485E100063F2C2 /* ProfileView.swift */ = {isa = PBXFileReference; lastKnownFileType = sourcecode.swift; path = ProfileView.swift; sourceTree = "<group>"; };
		422A7EE32B4865020063F2C2 /* ProfileViewModel.swift */ = {isa = PBXFileReference; lastKnownFileType = sourcecode.swift; path = ProfileViewModel.swift; sourceTree = "<group>"; };
		422A7EE72B4889D80063F2C2 /* PhotoPicker.swift */ = {isa = PBXFileReference; lastKnownFileType = sourcecode.swift; path = PhotoPicker.swift; sourceTree = "<group>"; };
		422A7EE92B4894E60063F2C2 /* PhotoPickerPreview.swift */ = {isa = PBXFileReference; lastKnownFileType = sourcecode.swift; path = PhotoPickerPreview.swift; sourceTree = "<group>"; };
		4249E0E82B49C3B10086B8F4 /* StorageService.swift */ = {isa = PBXFileReference; lastKnownFileType = sourcecode.swift; path = StorageService.swift; sourceTree = "<group>"; };
		4249E0EA2B4A1F700086B8F4 /* CardView.swift */ = {isa = PBXFileReference; lastKnownFileType = sourcecode.swift; path = CardView.swift; sourceTree = "<group>"; };
		425707E42B478195003932E4 /* GradientStack.swift */ = {isa = PBXFileReference; lastKnownFileType = sourcecode.swift; path = GradientStack.swift; sourceTree = "<group>"; };
		425707E72B47929E003932E4 /* JoinRoomViewModel.swift */ = {isa = PBXFileReference; lastKnownFileType = sourcecode.swift; path = JoinRoomViewModel.swift; sourceTree = "<group>"; };
		425707E92B4792E2003932E4 /* JoinRoomView.swift */ = {isa = PBXFileReference; lastKnownFileType = sourcecode.swift; path = JoinRoomView.swift; sourceTree = "<group>"; };
		425B77B32B4454F100F30BAF /* MainViewModel.swift */ = {isa = PBXFileReference; lastKnownFileType = sourcecode.swift; path = MainViewModel.swift; sourceTree = "<group>"; };
		425B77B52B44556300F30BAF /* LoginView.swift */ = {isa = PBXFileReference; lastKnownFileType = sourcecode.swift; path = LoginView.swift; sourceTree = "<group>"; };
		425B77B72B44557100F30BAF /* LoginViewModel.swift */ = {isa = PBXFileReference; lastKnownFileType = sourcecode.swift; path = LoginViewModel.swift; sourceTree = "<group>"; };
		425B77BA2B44614800F30BAF /* TTRButton.swift */ = {isa = PBXFileReference; lastKnownFileType = sourcecode.swift; path = TTRButton.swift; sourceTree = "<group>"; };
		425B77BC2B44691200F30BAF /* RegisterView.swift */ = {isa = PBXFileReference; lastKnownFileType = sourcecode.swift; path = RegisterView.swift; sourceTree = "<group>"; };
		425B77BE2B44691F00F30BAF /* RegisterViewModel.swift */ = {isa = PBXFileReference; lastKnownFileType = sourcecode.swift; path = RegisterViewModel.swift; sourceTree = "<group>"; };
		425B77C12B448F2D00F30BAF /* NavigationBackButton.swift */ = {isa = PBXFileReference; lastKnownFileType = sourcecode.swift; path = NavigationBackButton.swift; sourceTree = "<group>"; };
		4273E71F2B4B9DA0005DFF41 /* RoomTimeline.swift */ = {isa = PBXFileReference; lastKnownFileType = sourcecode.swift; path = RoomTimeline.swift; sourceTree = "<group>"; };
		427893132B50562E0069B4FE /* DestinationCardPickerViewModel.swift */ = {isa = PBXFileReference; lastKnownFileType = sourcecode.swift; path = DestinationCardPickerViewModel.swift; sourceTree = "<group>"; };
		427893152B508F340069B4FE /* CurrentDestinationsView.swift */ = {isa = PBXFileReference; lastKnownFileType = sourcecode.swift; path = CurrentDestinationsView.swift; sourceTree = "<group>"; };
		42A6421F2B4F24D900D1CA0D /* PlayerModel.swift */ = {isa = PBXFileReference; lastKnownFileType = sourcecode.swift; path = PlayerModel.swift; sourceTree = "<group>"; };
		42A642212B4F3CD300D1CA0D /* RoundedTTRButton.swift */ = {isa = PBXFileReference; lastKnownFileType = sourcecode.swift; path = RoundedTTRButton.swift; sourceTree = "<group>"; };
		42ACCE772B4A650800C059DC /* DestinationCard.swift */ = {isa = PBXFileReference; lastKnownFileType = sourcecode.swift; path = DestinationCard.swift; sourceTree = "<group>"; };
		42AF082F2B44D634002EB696 /* GoogleService-Info.plist */ = {isa = PBXFileReference; fileEncoding = 4; lastKnownFileType = text.plist.xml; path = "GoogleService-Info.plist"; sourceTree = "<group>"; };
		42B6AC802B4F8AD6008FBD9A /* GameDestinationCard.swift */ = {isa = PBXFileReference; lastKnownFileType = sourcecode.swift; path = GameDestinationCard.swift; sourceTree = "<group>"; };
		42DB268A2B430DE20051C31A /* TTR-Multiplayer.app */ = {isa = PBXFileReference; explicitFileType = wrapper.application; includeInIndex = 0; path = "TTR-Multiplayer.app"; sourceTree = BUILT_PRODUCTS_DIR; };
		42DB268D2B430DE20051C31A /* TTR_MultiplayerApp.swift */ = {isa = PBXFileReference; lastKnownFileType = sourcecode.swift; path = TTR_MultiplayerApp.swift; sourceTree = "<group>"; };
		42DB268F2B430DE20051C31A /* MainView.swift */ = {isa = PBXFileReference; lastKnownFileType = sourcecode.swift; path = MainView.swift; sourceTree = "<group>"; };
		42DB26912B430DE20051C31A /* Assets.xcassets */ = {isa = PBXFileReference; lastKnownFileType = folder.assetcatalog; path = Assets.xcassets; sourceTree = "<group>"; };
		42DB26942B430DE20051C31A /* Preview Assets.xcassets */ = {isa = PBXFileReference; lastKnownFileType = folder.assetcatalog; path = "Preview Assets.xcassets"; sourceTree = "<group>"; };
		42DB26D92B4390500051C31A /* SideMenu.swift */ = {isa = PBXFileReference; lastKnownFileType = sourcecode.swift; path = SideMenu.swift; sourceTree = "<group>"; };
		42DB26DC2B43968F0051C31A /* ViewExtensions.swift */ = {isa = PBXFileReference; lastKnownFileType = sourcecode.swift; path = ViewExtensions.swift; sourceTree = "<group>"; };
		42DB26DF2B439A930051C31A /* SideMenuItemLink.swift */ = {isa = PBXFileReference; lastKnownFileType = sourcecode.swift; path = SideMenuItemLink.swift; sourceTree = "<group>"; };
		42F085942B44FC9700F171EE /* Player.swift */ = {isa = PBXFileReference; lastKnownFileType = sourcecode.swift; path = Player.swift; sourceTree = "<group>"; };
		42F085982B44FDD300F171EE /* JsonEncoder.swift */ = {isa = PBXFileReference; lastKnownFileType = sourcecode.swift; path = JsonEncoder.swift; sourceTree = "<group>"; };
/* End PBXFileReference section */

/* Begin PBXFrameworksBuildPhase section */
		42DB26872B430DE20051C31A /* Frameworks */ = {
			isa = PBXFrameworksBuildPhase;
			buildActionMask = 2147483647;
			files = (
				422994AD2B4B27D200F1F112 /* FirebaseMessaging in Frameworks */,
				42FA97EF2B44B48D00B89772 /* FirebaseAnalyticsSwift in Frameworks */,
				42F085932B44FB1300F171EE /* FirebaseAuth in Frameworks */,
				42FA97EB2B44B48D00B89772 /* FirebaseAnalytics in Frameworks */,
				42FA97ED2B44B48D00B89772 /* FirebaseAnalyticsOnDeviceConversion in Frameworks */,
				42B9CB832B4BB69B00B20554 /* FirebaseFirestoreSwift in Frameworks */,
				42FA97F32B44B48D00B89772 /* FirebaseAppCheck in Frameworks */,
				422A7EE62B486DCC0063F2C2 /* FirebaseStorage in Frameworks */,
				42FA97F12B44B48D00B89772 /* FirebaseAnalyticsWithoutAdIdSupport in Frameworks */,
				42F085972B44FD6100F171EE /* FirebaseFirestore in Frameworks */,
			);
			runOnlyForDeploymentPostprocessing = 0;
		};
/* End PBXFrameworksBuildPhase section */

/* Begin PBXGroup section */
		4215F60B2B45CD68007AD086 /* Room */ = {
			isa = PBXGroup;
			children = (
				4215F60C2B45CD7A007AD086 /* NewRoomViewModel.swift */,
				425707E72B47929E003932E4 /* JoinRoomViewModel.swift */,
				427893132B50562E0069B4FE /* DestinationCardPickerViewModel.swift */,
			);
			path = Room;
			sourceTree = "<group>";
		};
		4215F6102B45D231007AD086 /* Room */ = {
			isa = PBXGroup;
			children = (
				422994B02B4B47A300F1F112 /* DestinationPickerView.swift */,
				425707E92B4792E2003932E4 /* JoinRoomView.swift */,
				4215F6112B45D242007AD086 /* NewRoomView.swift */,
				427893152B508F340069B4FE /* CurrentDestinationsView.swift */,
			);
			path = Room;
			sourceTree = "<group>";
		};
		421661922B47217800F47CE2 /* Services */ = {
			isa = PBXGroup;
			children = (
				421661932B47218700F47CE2 /* RoomService.swift */,
				421661952B472D7200F47CE2 /* PlayerService.swift */,
				4249E0E82B49C3B10086B8F4 /* StorageService.swift */,
			);
			path = Services;
			sourceTree = "<group>";
		};
		4229F9022B44E519008B04BB /* TTR */ = {
			isa = PBXGroup;
			children = (
				4229F9032B44E528008B04BB /* AnimatedHeader.swift */,
			);
			path = TTR;
			sourceTree = "<group>";
		};
		425707E62B4781A8003932E4 /* General */ = {
			isa = PBXGroup;
			children = (
				425707E42B478195003932E4 /* GradientStack.swift */,
				422A7EE72B4889D80063F2C2 /* PhotoPicker.swift */,
				422A7EE92B4894E60063F2C2 /* PhotoPickerPreview.swift */,
				4249E0EA2B4A1F700086B8F4 /* CardView.swift */,
			);
			path = General;
			sourceTree = "<group>";
		};
		425B77B92B44612200F30BAF /* Button */ = {
			isa = PBXGroup;
			children = (
				425B77BA2B44614800F30BAF /* TTRButton.swift */,
				42A642212B4F3CD300D1CA0D /* RoundedTTRButton.swift */,
			);
			path = Button;
			sourceTree = "<group>";
		};
		425B77C02B448F0A00F30BAF /* NavigationBar */ = {
			isa = PBXGroup;
			children = (
				425B77C12B448F2D00F30BAF /* NavigationBackButton.swift */,
			);
			path = NavigationBar;
			sourceTree = "<group>";
		};
		42ACCE762B4A64ED00C059DC /* GameElement */ = {
			isa = PBXGroup;
			children = (
				42ACCE772B4A650800C059DC /* DestinationCard.swift */,
			);
			path = GameElement;
			sourceTree = "<group>";
		};
		42DB26812B430DE20051C31A = {
			isa = PBXGroup;
			children = (
				42DB268C2B430DE20051C31A /* TTR-Multiplayer */,
				42DB268B2B430DE20051C31A /* Products */,
				42F085912B44FB1300F171EE /* Frameworks */,
			);
			sourceTree = "<group>";
		};
		42DB268B2B430DE20051C31A /* Products */ = {
			isa = PBXGroup;
			children = (
				42DB268A2B430DE20051C31A /* TTR-Multiplayer.app */,
			);
			name = Products;
			sourceTree = "<group>";
		};
		42DB268C2B430DE20051C31A /* TTR-Multiplayer */ = {
			isa = PBXGroup;
			children = (
				421661922B47217800F47CE2 /* Services */,
				42DB26DB2B4396750051C31A /* Extension */,
				42DB26D52B4317760051C31A /* ProjectFiles */,
				42DB26D42B43160B0051C31A /* Model */,
				42DB26D32B4316030051C31A /* ViewModel */,
				42DB26D22B4315F70051C31A /* View */,
				42DB26932B430DE20051C31A /* Preview Content */,
			);
			path = "TTR-Multiplayer";
			sourceTree = "<group>";
		};
		42DB26932B430DE20051C31A /* Preview Content */ = {
			isa = PBXGroup;
			children = (
				42DB26942B430DE20051C31A /* Preview Assets.xcassets */,
			);
			path = "Preview Content";
			sourceTree = "<group>";
		};
		42DB26D22B4315F70051C31A /* View */ = {
			isa = PBXGroup;
			children = (
				4215F6102B45D231007AD086 /* Room */,
				42DB268F2B430DE20051C31A /* MainView.swift */,
				425B77B52B44556300F30BAF /* LoginView.swift */,
				422A7EE12B485E100063F2C2 /* ProfileView.swift */,
				425B77BC2B44691200F30BAF /* RegisterView.swift */,
				4215F6152B460E50007AD086 /* SplashScreen.swift */,
				42DB26D82B4388360051C31A /* Component */,
			);
			path = View;
			sourceTree = "<group>";
		};
		42DB26D32B4316030051C31A /* ViewModel */ = {
			isa = PBXGroup;
			children = (
				4215F60B2B45CD68007AD086 /* Room */,
				425B77B32B4454F100F30BAF /* MainViewModel.swift */,
				425B77B72B44557100F30BAF /* LoginViewModel.swift */,
				425B77BE2B44691F00F30BAF /* RegisterViewModel.swift */,
				422A7EE32B4865020063F2C2 /* ProfileViewModel.swift */,
			);
			path = ViewModel;
			sourceTree = "<group>";
		};
		42DB26D42B43160B0051C31A /* Model */ = {
			isa = PBXGroup;
			children = (
				42F085942B44FC9700F171EE /* Player.swift */,
				4215F60E2B45CE77007AD086 /* Room.swift */,
				422994AE2B4B285100F1F112 /* Destination.swift */,
				4273E71F2B4B9DA0005DFF41 /* RoomTimeline.swift */,
				42A6421F2B4F24D900D1CA0D /* PlayerModel.swift */,
				42B6AC802B4F8AD6008FBD9A /* GameDestinationCard.swift */,
			);
			path = Model;
			sourceTree = "<group>";
		};
		42DB26D52B4317760051C31A /* ProjectFiles */ = {
			isa = PBXGroup;
			children = (
				42AF082F2B44D634002EB696 /* GoogleService-Info.plist */,
				42DB26912B430DE20051C31A /* Assets.xcassets */,
				42DB268D2B430DE20051C31A /* TTR_MultiplayerApp.swift */,
			);
			path = ProjectFiles;
			sourceTree = "<group>";
		};
		42DB26D82B4388360051C31A /* Component */ = {
			isa = PBXGroup;
			children = (
				42ACCE762B4A64ED00C059DC /* GameElement */,
				425707E62B4781A8003932E4 /* General */,
				4229F9022B44E519008B04BB /* TTR */,
				425B77C02B448F0A00F30BAF /* NavigationBar */,
				425B77B92B44612200F30BAF /* Button */,
				42DB26DE2B439A780051C31A /* SideMenu */,
			);
			path = Component;
			sourceTree = "<group>";
		};
		42DB26DB2B4396750051C31A /* Extension */ = {
			isa = PBXGroup;
			children = (
				42DB26DC2B43968F0051C31A /* ViewExtensions.swift */,
				42F085982B44FDD300F171EE /* JsonEncoder.swift */,
				421661972B473D0F00F47CE2 /* Notification.swift */,
				421661992B4746AD00F47CE2 /* Enums.swift */,
			);
			path = Extension;
			sourceTree = "<group>";
		};
		42DB26DE2B439A780051C31A /* SideMenu */ = {
			isa = PBXGroup;
			children = (
				42DB26D92B4390500051C31A /* SideMenu.swift */,
				42DB26DF2B439A930051C31A /* SideMenuItemLink.swift */,
				4215F6132B45F361007AD086 /* SideMenuItemButton.swift */,
			);
			path = SideMenu;
			sourceTree = "<group>";
		};
		42F085912B44FB1300F171EE /* Frameworks */ = {
			isa = PBXGroup;
			children = (
			);
			name = Frameworks;
			sourceTree = "<group>";
		};
/* End PBXGroup section */

/* Begin PBXNativeTarget section */
		42DB26892B430DE20051C31A /* TTR-Multiplayer */ = {
			isa = PBXNativeTarget;
			buildConfigurationList = 42DB26982B430DE20051C31A /* Build configuration list for PBXNativeTarget "TTR-Multiplayer" */;
			buildPhases = (
				42DB26862B430DE20051C31A /* Sources */,
				42DB26872B430DE20051C31A /* Frameworks */,
				42DB26882B430DE20051C31A /* Resources */,
			);
			buildRules = (
			);
			dependencies = (
			);
			name = "TTR-Multiplayer";
			packageProductDependencies = (
				42FA97EA2B44B48D00B89772 /* FirebaseAnalytics */,
				42FA97EC2B44B48D00B89772 /* FirebaseAnalyticsOnDeviceConversion */,
				42FA97EE2B44B48D00B89772 /* FirebaseAnalyticsSwift */,
				42FA97F02B44B48D00B89772 /* FirebaseAnalyticsWithoutAdIdSupport */,
				42FA97F22B44B48D00B89772 /* FirebaseAppCheck */,
				42F085922B44FB1300F171EE /* FirebaseAuth */,
				42F085962B44FD6100F171EE /* FirebaseFirestore */,
				422A7EE52B486DCC0063F2C2 /* FirebaseStorage */,
				422994AC2B4B27D200F1F112 /* FirebaseMessaging */,
				42B9CB822B4BB69B00B20554 /* FirebaseFirestoreSwift */,
			);
			productName = "TTR-Multiplayer";
			productReference = 42DB268A2B430DE20051C31A /* TTR-Multiplayer.app */;
			productType = "com.apple.product-type.application";
		};
/* End PBXNativeTarget section */

/* Begin PBXProject section */
		42DB26822B430DE20051C31A /* Project object */ = {
			isa = PBXProject;
			attributes = {
				BuildIndependentTargetsInParallel = 1;
				LastSwiftUpdateCheck = 1500;
				LastUpgradeCheck = 1500;
				TargetAttributes = {
					42DB26892B430DE20051C31A = {
						CreatedOnToolsVersion = 15.0.1;
					};
				};
			};
			buildConfigurationList = 42DB26852B430DE20051C31A /* Build configuration list for PBXProject "TTR-Multiplayer" */;
			compatibilityVersion = "Xcode 14.0";
			developmentRegion = en;
			hasScannedForEncodings = 0;
			knownRegions = (
				en,
				Base,
			);
			mainGroup = 42DB26812B430DE20051C31A;
			packageReferences = (
				42FA97E92B44B48D00B89772 /* XCRemoteSwiftPackageReference "firebase-ios-sdk" */,
			);
			productRefGroup = 42DB268B2B430DE20051C31A /* Products */;
			projectDirPath = "";
			projectRoot = "";
			targets = (
				42DB26892B430DE20051C31A /* TTR-Multiplayer */,
			);
		};
/* End PBXProject section */

/* Begin PBXResourcesBuildPhase section */
		42DB26882B430DE20051C31A /* Resources */ = {
			isa = PBXResourcesBuildPhase;
			buildActionMask = 2147483647;
			files = (
				42DB26952B430DE20051C31A /* Preview Assets.xcassets in Resources */,
				42DB26922B430DE20051C31A /* Assets.xcassets in Resources */,
				42AF08302B44D634002EB696 /* GoogleService-Info.plist in Resources */,
			);
			runOnlyForDeploymentPostprocessing = 0;
		};
/* End PBXResourcesBuildPhase section */

/* Begin PBXSourcesBuildPhase section */
		42DB26862B430DE20051C31A /* Sources */ = {
			isa = PBXSourcesBuildPhase;
			buildActionMask = 2147483647;
			files = (
				4215F6162B460E50007AD086 /* SplashScreen.swift in Sources */,
				42DB26DA2B4390500051C31A /* SideMenu.swift in Sources */,
				422A7EE42B4865020063F2C2 /* ProfileViewModel.swift in Sources */,
				427893162B508F340069B4FE /* CurrentDestinationsView.swift in Sources */,
				42A642202B4F24D900D1CA0D /* PlayerModel.swift in Sources */,
				425B77BD2B44691200F30BAF /* RegisterView.swift in Sources */,
				421661982B473D0F00F47CE2 /* Notification.swift in Sources */,
				422A7EEA2B4894E60063F2C2 /* PhotoPickerPreview.swift in Sources */,
				425B77BB2B44614800F30BAF /* TTRButton.swift in Sources */,
				4215F60F2B45CE77007AD086 /* Room.swift in Sources */,
				425B77B62B44556400F30BAF /* LoginView.swift in Sources */,
				422A7EE82B4889D80063F2C2 /* PhotoPicker.swift in Sources */,
				42A642222B4F3CD300D1CA0D /* RoundedTTRButton.swift in Sources */,
				421661942B47218700F47CE2 /* RoomService.swift in Sources */,
				425707EA2B4792E2003932E4 /* JoinRoomView.swift in Sources */,
				4215F60D2B45CD7A007AD086 /* NewRoomViewModel.swift in Sources */,
				425B77BF2B44691F00F30BAF /* RegisterViewModel.swift in Sources */,
				42B6AC812B4F8AD6008FBD9A /* GameDestinationCard.swift in Sources */,
				42ACCE782B4A650800C059DC /* DestinationCard.swift in Sources */,
				427893142B50562E0069B4FE /* DestinationCardPickerViewModel.swift in Sources */,
				42DB26E02B439A930051C31A /* SideMenuItemLink.swift in Sources */,
				42F085952B44FC9700F171EE /* Player.swift in Sources */,
				4229F9042B44E528008B04BB /* AnimatedHeader.swift in Sources */,
				42DB26902B430DE20051C31A /* MainView.swift in Sources */,
				425B77B82B44557100F30BAF /* LoginViewModel.swift in Sources */,
				42F085992B44FDD300F171EE /* JsonEncoder.swift in Sources */,
				422A7EE22B485E100063F2C2 /* ProfileView.swift in Sources */,
				4249E0E92B49C3B10086B8F4 /* StorageService.swift in Sources */,
				42DB26DD2B43968F0051C31A /* ViewExtensions.swift in Sources */,
				42DB268E2B430DE20051C31A /* TTR_MultiplayerApp.swift in Sources */,
				425B77C22B448F2D00F30BAF /* NavigationBackButton.swift in Sources */,
				4273E7202B4B9DA0005DFF41 /* RoomTimeline.swift in Sources */,
				425707E82B47929E003932E4 /* JoinRoomViewModel.swift in Sources */,
				422994B12B4B47A300F1F112 /* DestinationPickerView.swift in Sources */,
				422994AF2B4B285100F1F112 /* Destination.swift in Sources */,
				421661962B472D7200F47CE2 /* PlayerService.swift in Sources */,
				4215F6122B45D242007AD086 /* NewRoomView.swift in Sources */,
				425707E52B478195003932E4 /* GradientStack.swift in Sources */,
				425B77B42B4454F100F30BAF /* MainViewModel.swift in Sources */,
				4216619A2B4746AD00F47CE2 /* Enums.swift in Sources */,
				4249E0EB2B4A1F700086B8F4 /* CardView.swift in Sources */,
				4215F6142B45F361007AD086 /* SideMenuItemButton.swift in Sources */,
			);
			runOnlyForDeploymentPostprocessing = 0;
		};
/* End PBXSourcesBuildPhase section */

/* Begin XCBuildConfiguration section */
		42DB26962B430DE20051C31A /* Debug */ = {
			isa = XCBuildConfiguration;
			buildSettings = {
				ALWAYS_SEARCH_USER_PATHS = NO;
				ASSETCATALOG_COMPILER_GENERATE_SWIFT_ASSET_SYMBOL_EXTENSIONS = YES;
				CLANG_ANALYZER_NONNULL = YES;
				CLANG_ANALYZER_NUMBER_OBJECT_CONVERSION = YES_AGGRESSIVE;
				CLANG_CXX_LANGUAGE_STANDARD = "gnu++20";
				CLANG_ENABLE_MODULES = YES;
				CLANG_ENABLE_OBJC_ARC = YES;
				CLANG_ENABLE_OBJC_WEAK = YES;
				CLANG_WARN_BLOCK_CAPTURE_AUTORELEASING = YES;
				CLANG_WARN_BOOL_CONVERSION = YES;
				CLANG_WARN_COMMA = YES;
				CLANG_WARN_CONSTANT_CONVERSION = YES;
				CLANG_WARN_DEPRECATED_OBJC_IMPLEMENTATIONS = YES;
				CLANG_WARN_DIRECT_OBJC_ISA_USAGE = YES_ERROR;
				CLANG_WARN_DOCUMENTATION_COMMENTS = YES;
				CLANG_WARN_EMPTY_BODY = YES;
				CLANG_WARN_ENUM_CONVERSION = YES;
				CLANG_WARN_INFINITE_RECURSION = YES;
				CLANG_WARN_INT_CONVERSION = YES;
				CLANG_WARN_NON_LITERAL_NULL_CONVERSION = YES;
				CLANG_WARN_OBJC_IMPLICIT_RETAIN_SELF = YES;
				CLANG_WARN_OBJC_LITERAL_CONVERSION = YES;
				CLANG_WARN_OBJC_ROOT_CLASS = YES_ERROR;
				CLANG_WARN_QUOTED_INCLUDE_IN_FRAMEWORK_HEADER = YES;
				CLANG_WARN_RANGE_LOOP_ANALYSIS = YES;
				CLANG_WARN_STRICT_PROTOTYPES = YES;
				CLANG_WARN_SUSPICIOUS_MOVE = YES;
				CLANG_WARN_UNGUARDED_AVAILABILITY = YES_AGGRESSIVE;
				CLANG_WARN_UNREACHABLE_CODE = YES;
				CLANG_WARN__DUPLICATE_METHOD_MATCH = YES;
				COPY_PHASE_STRIP = NO;
				DEBUG_INFORMATION_FORMAT = dwarf;
				ENABLE_STRICT_OBJC_MSGSEND = YES;
				ENABLE_TESTABILITY = YES;
				ENABLE_USER_SCRIPT_SANDBOXING = YES;
				GCC_C_LANGUAGE_STANDARD = gnu17;
				GCC_DYNAMIC_NO_PIC = NO;
				GCC_NO_COMMON_BLOCKS = YES;
				GCC_OPTIMIZATION_LEVEL = 0;
				GCC_PREPROCESSOR_DEFINITIONS = (
					"DEBUG=1",
					"$(inherited)",
				);
				GCC_WARN_64_TO_32_BIT_CONVERSION = YES;
				GCC_WARN_ABOUT_RETURN_TYPE = YES_ERROR;
				GCC_WARN_UNDECLARED_SELECTOR = YES;
				GCC_WARN_UNINITIALIZED_AUTOS = YES_AGGRESSIVE;
				GCC_WARN_UNUSED_FUNCTION = YES;
				GCC_WARN_UNUSED_VARIABLE = YES;
				IPHONEOS_DEPLOYMENT_TARGET = 15.0;
				LOCALIZATION_PREFERS_STRING_CATALOGS = YES;
				MTL_ENABLE_DEBUG_INFO = INCLUDE_SOURCE;
				MTL_FAST_MATH = YES;
				ONLY_ACTIVE_ARCH = YES;
				SDKROOT = iphoneos;
				SWIFT_ACTIVE_COMPILATION_CONDITIONS = "DEBUG $(inherited)";
				SWIFT_OPTIMIZATION_LEVEL = "-Onone";
			};
			name = Debug;
		};
		42DB26972B430DE20051C31A /* Release */ = {
			isa = XCBuildConfiguration;
			buildSettings = {
				ALWAYS_SEARCH_USER_PATHS = NO;
				ASSETCATALOG_COMPILER_GENERATE_SWIFT_ASSET_SYMBOL_EXTENSIONS = YES;
				CLANG_ANALYZER_NONNULL = YES;
				CLANG_ANALYZER_NUMBER_OBJECT_CONVERSION = YES_AGGRESSIVE;
				CLANG_CXX_LANGUAGE_STANDARD = "gnu++20";
				CLANG_ENABLE_MODULES = YES;
				CLANG_ENABLE_OBJC_ARC = YES;
				CLANG_ENABLE_OBJC_WEAK = YES;
				CLANG_WARN_BLOCK_CAPTURE_AUTORELEASING = YES;
				CLANG_WARN_BOOL_CONVERSION = YES;
				CLANG_WARN_COMMA = YES;
				CLANG_WARN_CONSTANT_CONVERSION = YES;
				CLANG_WARN_DEPRECATED_OBJC_IMPLEMENTATIONS = YES;
				CLANG_WARN_DIRECT_OBJC_ISA_USAGE = YES_ERROR;
				CLANG_WARN_DOCUMENTATION_COMMENTS = YES;
				CLANG_WARN_EMPTY_BODY = YES;
				CLANG_WARN_ENUM_CONVERSION = YES;
				CLANG_WARN_INFINITE_RECURSION = YES;
				CLANG_WARN_INT_CONVERSION = YES;
				CLANG_WARN_NON_LITERAL_NULL_CONVERSION = YES;
				CLANG_WARN_OBJC_IMPLICIT_RETAIN_SELF = YES;
				CLANG_WARN_OBJC_LITERAL_CONVERSION = YES;
				CLANG_WARN_OBJC_ROOT_CLASS = YES_ERROR;
				CLANG_WARN_QUOTED_INCLUDE_IN_FRAMEWORK_HEADER = YES;
				CLANG_WARN_RANGE_LOOP_ANALYSIS = YES;
				CLANG_WARN_STRICT_PROTOTYPES = YES;
				CLANG_WARN_SUSPICIOUS_MOVE = YES;
				CLANG_WARN_UNGUARDED_AVAILABILITY = YES_AGGRESSIVE;
				CLANG_WARN_UNREACHABLE_CODE = YES;
				CLANG_WARN__DUPLICATE_METHOD_MATCH = YES;
				COPY_PHASE_STRIP = NO;
				DEBUG_INFORMATION_FORMAT = "dwarf-with-dsym";
				ENABLE_NS_ASSERTIONS = NO;
				ENABLE_STRICT_OBJC_MSGSEND = YES;
				ENABLE_USER_SCRIPT_SANDBOXING = YES;
				GCC_C_LANGUAGE_STANDARD = gnu17;
				GCC_NO_COMMON_BLOCKS = YES;
				GCC_WARN_64_TO_32_BIT_CONVERSION = YES;
				GCC_WARN_ABOUT_RETURN_TYPE = YES_ERROR;
				GCC_WARN_UNDECLARED_SELECTOR = YES;
				GCC_WARN_UNINITIALIZED_AUTOS = YES_AGGRESSIVE;
				GCC_WARN_UNUSED_FUNCTION = YES;
				GCC_WARN_UNUSED_VARIABLE = YES;
				IPHONEOS_DEPLOYMENT_TARGET = 15.0;
				LOCALIZATION_PREFERS_STRING_CATALOGS = YES;
				MTL_ENABLE_DEBUG_INFO = NO;
				MTL_FAST_MATH = YES;
				SDKROOT = iphoneos;
				SWIFT_COMPILATION_MODE = wholemodule;
				VALIDATE_PRODUCT = YES;
			};
			name = Release;
		};
		42DB26992B430DE20051C31A /* Debug */ = {
			isa = XCBuildConfiguration;
			buildSettings = {
				ASSETCATALOG_COMPILER_APPICON_NAME = AppIcon;
				ASSETCATALOG_COMPILER_GLOBAL_ACCENT_COLOR_NAME = AccentColor;
				CODE_SIGN_STYLE = Automatic;
				CURRENT_PROJECT_VERSION = 2;
				DEVELOPMENT_ASSET_PATHS = "\"TTR-Multiplayer/Preview Content\"";
				DEVELOPMENT_TEAM = 7N86599UQZ;
				ENABLE_PREVIEWS = YES;
				GENERATE_INFOPLIST_FILE = YES;
				INFOPLIST_KEY_UIApplicationSceneManifest_Generation = YES;
				INFOPLIST_KEY_UIApplicationSupportsIndirectInputEvents = YES;
				INFOPLIST_KEY_UILaunchScreen_Generation = YES;
				INFOPLIST_KEY_UISupportedInterfaceOrientations = UIInterfaceOrientationPortrait;
				IPHONEOS_DEPLOYMENT_TARGET = 15.0;
				LD_RUNPATH_SEARCH_PATHS = (
					"$(inherited)",
					"@executable_path/Frameworks",
				);
				MARKETING_VERSION = 1.0;
				PRODUCT_BUNDLE_IDENTIFIER = com.parsak.TTRMultiplayer;
				PRODUCT_NAME = "$(TARGET_NAME)";
				SWIFT_EMIT_LOC_STRINGS = YES;
				SWIFT_VERSION = 5.0;
				TARGETED_DEVICE_FAMILY = "1,2";
			};
			name = Debug;
		};
		42DB269A2B430DE20051C31A /* Release */ = {
			isa = XCBuildConfiguration;
			buildSettings = {
				ASSETCATALOG_COMPILER_APPICON_NAME = AppIcon;
				ASSETCATALOG_COMPILER_GLOBAL_ACCENT_COLOR_NAME = AccentColor;
				CODE_SIGN_STYLE = Automatic;
				CURRENT_PROJECT_VERSION = 2;
				DEVELOPMENT_ASSET_PATHS = "\"TTR-Multiplayer/Preview Content\"";
				DEVELOPMENT_TEAM = 7N86599UQZ;
				ENABLE_PREVIEWS = YES;
				GENERATE_INFOPLIST_FILE = YES;
				INFOPLIST_KEY_UIApplicationSceneManifest_Generation = YES;
				INFOPLIST_KEY_UIApplicationSupportsIndirectInputEvents = YES;
				INFOPLIST_KEY_UILaunchScreen_Generation = YES;
				INFOPLIST_KEY_UISupportedInterfaceOrientations = UIInterfaceOrientationPortrait;
				IPHONEOS_DEPLOYMENT_TARGET = 15.0;
				LD_RUNPATH_SEARCH_PATHS = (
					"$(inherited)",
					"@executable_path/Frameworks",
				);
				MARKETING_VERSION = 1.0;
				PRODUCT_BUNDLE_IDENTIFIER = com.parsak.TTRMultiplayer;
				PRODUCT_NAME = "$(TARGET_NAME)";
				SWIFT_EMIT_LOC_STRINGS = YES;
				SWIFT_VERSION = 5.0;
				TARGETED_DEVICE_FAMILY = "1,2";
			};
			name = Release;
		};
/* End XCBuildConfiguration section */

/* Begin XCConfigurationList section */
		42DB26852B430DE20051C31A /* Build configuration list for PBXProject "TTR-Multiplayer" */ = {
			isa = XCConfigurationList;
			buildConfigurations = (
				42DB26962B430DE20051C31A /* Debug */,
				42DB26972B430DE20051C31A /* Release */,
			);
			defaultConfigurationIsVisible = 0;
			defaultConfigurationName = Release;
		};
		42DB26982B430DE20051C31A /* Build configuration list for PBXNativeTarget "TTR-Multiplayer" */ = {
			isa = XCConfigurationList;
			buildConfigurations = (
				42DB26992B430DE20051C31A /* Debug */,
				42DB269A2B430DE20051C31A /* Release */,
			);
			defaultConfigurationIsVisible = 0;
			defaultConfigurationName = Release;
		};
/* End XCConfigurationList section */

/* Begin XCRemoteSwiftPackageReference section */
		42FA97E92B44B48D00B89772 /* XCRemoteSwiftPackageReference "firebase-ios-sdk" */ = {
			isa = XCRemoteSwiftPackageReference;
			repositoryURL = "https://github.com/firebase/firebase-ios-sdk";
			requirement = {
				kind = upToNextMajorVersion;
				minimumVersion = 10.19.1;
			};
		};
/* End XCRemoteSwiftPackageReference section */

/* Begin XCSwiftPackageProductDependency section */
		422994AC2B4B27D200F1F112 /* FirebaseMessaging */ = {
			isa = XCSwiftPackageProductDependency;
			package = 42FA97E92B44B48D00B89772 /* XCRemoteSwiftPackageReference "firebase-ios-sdk" */;
			productName = FirebaseMessaging;
		};
		422A7EE52B486DCC0063F2C2 /* FirebaseStorage */ = {
			isa = XCSwiftPackageProductDependency;
			package = 42FA97E92B44B48D00B89772 /* XCRemoteSwiftPackageReference "firebase-ios-sdk" */;
			productName = FirebaseStorage;
		};
		42B9CB822B4BB69B00B20554 /* FirebaseFirestoreSwift */ = {
			isa = XCSwiftPackageProductDependency;
			package = 42FA97E92B44B48D00B89772 /* XCRemoteSwiftPackageReference "firebase-ios-sdk" */;
			productName = FirebaseFirestoreSwift;
		};
		42F085922B44FB1300F171EE /* FirebaseAuth */ = {
			isa = XCSwiftPackageProductDependency;
			package = 42FA97E92B44B48D00B89772 /* XCRemoteSwiftPackageReference "firebase-ios-sdk" */;
			productName = FirebaseAuth;
		};
		42F085962B44FD6100F171EE /* FirebaseFirestore */ = {
			isa = XCSwiftPackageProductDependency;
			package = 42FA97E92B44B48D00B89772 /* XCRemoteSwiftPackageReference "firebase-ios-sdk" */;
			productName = FirebaseFirestore;
		};
		42FA97EA2B44B48D00B89772 /* FirebaseAnalytics */ = {
			isa = XCSwiftPackageProductDependency;
			package = 42FA97E92B44B48D00B89772 /* XCRemoteSwiftPackageReference "firebase-ios-sdk" */;
			productName = FirebaseAnalytics;
		};
		42FA97EC2B44B48D00B89772 /* FirebaseAnalyticsOnDeviceConversion */ = {
			isa = XCSwiftPackageProductDependency;
			package = 42FA97E92B44B48D00B89772 /* XCRemoteSwiftPackageReference "firebase-ios-sdk" */;
			productName = FirebaseAnalyticsOnDeviceConversion;
		};
		42FA97EE2B44B48D00B89772 /* FirebaseAnalyticsSwift */ = {
			isa = XCSwiftPackageProductDependency;
			package = 42FA97E92B44B48D00B89772 /* XCRemoteSwiftPackageReference "firebase-ios-sdk" */;
			productName = FirebaseAnalyticsSwift;
		};
		42FA97F02B44B48D00B89772 /* FirebaseAnalyticsWithoutAdIdSupport */ = {
			isa = XCSwiftPackageProductDependency;
			package = 42FA97E92B44B48D00B89772 /* XCRemoteSwiftPackageReference "firebase-ios-sdk" */;
			productName = FirebaseAnalyticsWithoutAdIdSupport;
		};
		42FA97F22B44B48D00B89772 /* FirebaseAppCheck */ = {
			isa = XCSwiftPackageProductDependency;
			package = 42FA97E92B44B48D00B89772 /* XCRemoteSwiftPackageReference "firebase-ios-sdk" */;
			productName = FirebaseAppCheck;
		};
/* End XCSwiftPackageProductDependency section */
	};
	rootObject = 42DB26822B430DE20051C31A /* Project object */;
}
