// !$*UTF8*$!
{
	archiveVersion = 1;
	classes = {
	};
	objectVersion = 56;
	objects = {

/* Begin PBXBuildFile section */
		4229F9042B44E528008B04BB /* AnimatedHeader.swift in Sources */ = {isa = PBXBuildFile; fileRef = 4229F9032B44E528008B04BB /* AnimatedHeader.swift */; };
		425B77B42B4454F100F30BAF /* MainViewModel.swift in Sources */ = {isa = PBXBuildFile; fileRef = 425B77B32B4454F100F30BAF /* MainViewModel.swift */; };
		425B77B62B44556400F30BAF /* LoginView.swift in Sources */ = {isa = PBXBuildFile; fileRef = 425B77B52B44556300F30BAF /* LoginView.swift */; };
		425B77B82B44557100F30BAF /* LoginViewModel.swift in Sources */ = {isa = PBXBuildFile; fileRef = 425B77B72B44557100F30BAF /* LoginViewModel.swift */; };
		425B77BB2B44614800F30BAF /* TTRButton.swift in Sources */ = {isa = PBXBuildFile; fileRef = 425B77BA2B44614800F30BAF /* TTRButton.swift */; };
		425B77BD2B44691200F30BAF /* RegisterView.swift in Sources */ = {isa = PBXBuildFile; fileRef = 425B77BC2B44691200F30BAF /* RegisterView.swift */; };
		425B77BF2B44691F00F30BAF /* RegisterViewModel.swift in Sources */ = {isa = PBXBuildFile; fileRef = 425B77BE2B44691F00F30BAF /* RegisterViewModel.swift */; };
		425B77C22B448F2D00F30BAF /* NavigationBackButton.swift in Sources */ = {isa = PBXBuildFile; fileRef = 425B77C12B448F2D00F30BAF /* NavigationBackButton.swift */; };
		42AF08302B44D634002EB696 /* GoogleService-Info.plist in Resources */ = {isa = PBXBuildFile; fileRef = 42AF082F2B44D634002EB696 /* GoogleService-Info.plist */; };
		42DB268E2B430DE20051C31A /* TTR_MultiplayerApp.swift in Sources */ = {isa = PBXBuildFile; fileRef = 42DB268D2B430DE20051C31A /* TTR_MultiplayerApp.swift */; };
		42DB26902B430DE20051C31A /* MainView.swift in Sources */ = {isa = PBXBuildFile; fileRef = 42DB268F2B430DE20051C31A /* MainView.swift */; };
		42DB26922B430DE20051C31A /* Assets.xcassets in Resources */ = {isa = PBXBuildFile; fileRef = 42DB26912B430DE20051C31A /* Assets.xcassets */; };
		42DB26952B430DE20051C31A /* Preview Assets.xcassets in Resources */ = {isa = PBXBuildFile; fileRef = 42DB26942B430DE20051C31A /* Preview Assets.xcassets */; };
		42DB26DA2B4390500051C31A /* SideMenu.swift in Sources */ = {isa = PBXBuildFile; fileRef = 42DB26D92B4390500051C31A /* SideMenu.swift */; };
		42DB26DD2B43968F0051C31A /* ViewExtensions.swift in Sources */ = {isa = PBXBuildFile; fileRef = 42DB26DC2B43968F0051C31A /* ViewExtensions.swift */; };
		42DB26E02B439A930051C31A /* SideMenuItem.swift in Sources */ = {isa = PBXBuildFile; fileRef = 42DB26DF2B439A930051C31A /* SideMenuItem.swift */; };
		42FA97EB2B44B48D00B89772 /* FirebaseAnalytics in Frameworks */ = {isa = PBXBuildFile; productRef = 42FA97EA2B44B48D00B89772 /* FirebaseAnalytics */; };
		42FA97ED2B44B48D00B89772 /* FirebaseAnalyticsOnDeviceConversion in Frameworks */ = {isa = PBXBuildFile; productRef = 42FA97EC2B44B48D00B89772 /* FirebaseAnalyticsOnDeviceConversion */; };
		42FA97EF2B44B48D00B89772 /* FirebaseAnalyticsSwift in Frameworks */ = {isa = PBXBuildFile; productRef = 42FA97EE2B44B48D00B89772 /* FirebaseAnalyticsSwift */; };
		42FA97F12B44B48D00B89772 /* FirebaseAnalyticsWithoutAdIdSupport in Frameworks */ = {isa = PBXBuildFile; productRef = 42FA97F02B44B48D00B89772 /* FirebaseAnalyticsWithoutAdIdSupport */; };
		42FA97F32B44B48D00B89772 /* FirebaseAppCheck in Frameworks */ = {isa = PBXBuildFile; productRef = 42FA97F22B44B48D00B89772 /* FirebaseAppCheck */; };
/* End PBXBuildFile section */

/* Begin PBXFileReference section */
		4229F9032B44E528008B04BB /* AnimatedHeader.swift */ = {isa = PBXFileReference; lastKnownFileType = sourcecode.swift; path = AnimatedHeader.swift; sourceTree = "<group>"; };
		425B77B32B4454F100F30BAF /* MainViewModel.swift */ = {isa = PBXFileReference; lastKnownFileType = sourcecode.swift; path = MainViewModel.swift; sourceTree = "<group>"; };
		425B77B52B44556300F30BAF /* LoginView.swift */ = {isa = PBXFileReference; lastKnownFileType = sourcecode.swift; path = LoginView.swift; sourceTree = "<group>"; };
		425B77B72B44557100F30BAF /* LoginViewModel.swift */ = {isa = PBXFileReference; lastKnownFileType = sourcecode.swift; path = LoginViewModel.swift; sourceTree = "<group>"; };
		425B77BA2B44614800F30BAF /* TTRButton.swift */ = {isa = PBXFileReference; lastKnownFileType = sourcecode.swift; path = TTRButton.swift; sourceTree = "<group>"; };
		425B77BC2B44691200F30BAF /* RegisterView.swift */ = {isa = PBXFileReference; lastKnownFileType = sourcecode.swift; path = RegisterView.swift; sourceTree = "<group>"; };
		425B77BE2B44691F00F30BAF /* RegisterViewModel.swift */ = {isa = PBXFileReference; lastKnownFileType = sourcecode.swift; path = RegisterViewModel.swift; sourceTree = "<group>"; };
		425B77C12B448F2D00F30BAF /* NavigationBackButton.swift */ = {isa = PBXFileReference; lastKnownFileType = sourcecode.swift; path = NavigationBackButton.swift; sourceTree = "<group>"; };
		42AF082F2B44D634002EB696 /* GoogleService-Info.plist */ = {isa = PBXFileReference; fileEncoding = 4; lastKnownFileType = text.plist.xml; path = "GoogleService-Info.plist"; sourceTree = "<group>"; };
		42DB268A2B430DE20051C31A /* TTR-Multiplayer.app */ = {isa = PBXFileReference; explicitFileType = wrapper.application; includeInIndex = 0; path = "TTR-Multiplayer.app"; sourceTree = BUILT_PRODUCTS_DIR; };
		42DB268D2B430DE20051C31A /* TTR_MultiplayerApp.swift */ = {isa = PBXFileReference; lastKnownFileType = sourcecode.swift; path = TTR_MultiplayerApp.swift; sourceTree = "<group>"; };
		42DB268F2B430DE20051C31A /* MainView.swift */ = {isa = PBXFileReference; lastKnownFileType = sourcecode.swift; path = MainView.swift; sourceTree = "<group>"; };
		42DB26912B430DE20051C31A /* Assets.xcassets */ = {isa = PBXFileReference; lastKnownFileType = folder.assetcatalog; path = Assets.xcassets; sourceTree = "<group>"; };
		42DB26942B430DE20051C31A /* Preview Assets.xcassets */ = {isa = PBXFileReference; lastKnownFileType = folder.assetcatalog; path = "Preview Assets.xcassets"; sourceTree = "<group>"; };
		42DB26D92B4390500051C31A /* SideMenu.swift */ = {isa = PBXFileReference; lastKnownFileType = sourcecode.swift; path = SideMenu.swift; sourceTree = "<group>"; };
		42DB26DC2B43968F0051C31A /* ViewExtensions.swift */ = {isa = PBXFileReference; lastKnownFileType = sourcecode.swift; path = ViewExtensions.swift; sourceTree = "<group>"; };
		42DB26DF2B439A930051C31A /* SideMenuItem.swift */ = {isa = PBXFileReference; lastKnownFileType = sourcecode.swift; path = SideMenuItem.swift; sourceTree = "<group>"; };
/* End PBXFileReference section */

/* Begin PBXFrameworksBuildPhase section */
		42DB26872B430DE20051C31A /* Frameworks */ = {
			isa = PBXFrameworksBuildPhase;
			buildActionMask = 2147483647;
			files = (
				42FA97EF2B44B48D00B89772 /* FirebaseAnalyticsSwift in Frameworks */,
				42FA97EB2B44B48D00B89772 /* FirebaseAnalytics in Frameworks */,
				42FA97ED2B44B48D00B89772 /* FirebaseAnalyticsOnDeviceConversion in Frameworks */,
				42FA97F32B44B48D00B89772 /* FirebaseAppCheck in Frameworks */,
				42FA97F12B44B48D00B89772 /* FirebaseAnalyticsWithoutAdIdSupport in Frameworks */,
			);
			runOnlyForDeploymentPostprocessing = 0;
		};
/* End PBXFrameworksBuildPhase section */

/* Begin PBXGroup section */
		4229F9022B44E519008B04BB /* Other */ = {
			isa = PBXGroup;
			children = (
				4229F9032B44E528008B04BB /* AnimatedHeader.swift */,
			);
			path = Other;
			sourceTree = "<group>";
		};
		425B77B92B44612200F30BAF /* Button */ = {
			isa = PBXGroup;
			children = (
				425B77BA2B44614800F30BAF /* TTRButton.swift */,
			);
			path = Button;
			sourceTree = "<group>";
		};
		425B77C02B448F0A00F30BAF /* NavigationBar */ = {
			isa = PBXGroup;
			children = (
				425B77C12B448F2D00F30BAF /* NavigationBackButton.swift */,
			);
			path = NavigationBar;
			sourceTree = "<group>";
		};
		42DB26812B430DE20051C31A = {
			isa = PBXGroup;
			children = (
				42DB268C2B430DE20051C31A /* TTR-Multiplayer */,
				42DB268B2B430DE20051C31A /* Products */,
			);
			sourceTree = "<group>";
		};
		42DB268B2B430DE20051C31A /* Products */ = {
			isa = PBXGroup;
			children = (
				42DB268A2B430DE20051C31A /* TTR-Multiplayer.app */,
			);
			name = Products;
			sourceTree = "<group>";
		};
		42DB268C2B430DE20051C31A /* TTR-Multiplayer */ = {
			isa = PBXGroup;
			children = (
				42DB26DB2B4396750051C31A /* Extension */,
				42DB26D52B4317760051C31A /* ProjectFiles */,
				42DB26D42B43160B0051C31A /* Model */,
				42DB26D32B4316030051C31A /* ViewModel */,
				42DB26D22B4315F70051C31A /* View */,
				42DB26932B430DE20051C31A /* Preview Content */,
			);
			path = "TTR-Multiplayer";
			sourceTree = "<group>";
		};
		42DB26932B430DE20051C31A /* Preview Content */ = {
			isa = PBXGroup;
			children = (
				42DB26942B430DE20051C31A /* Preview Assets.xcassets */,
			);
			path = "Preview Content";
			sourceTree = "<group>";
		};
		42DB26D22B4315F70051C31A /* View */ = {
			isa = PBXGroup;
			children = (
				42DB268F2B430DE20051C31A /* MainView.swift */,
				425B77B52B44556300F30BAF /* LoginView.swift */,
				425B77BC2B44691200F30BAF /* RegisterView.swift */,
				42DB26D82B4388360051C31A /* Component */,
			);
			path = View;
			sourceTree = "<group>";
		};
		42DB26D32B4316030051C31A /* ViewModel */ = {
			isa = PBXGroup;
			children = (
				425B77B32B4454F100F30BAF /* MainViewModel.swift */,
				425B77B72B44557100F30BAF /* LoginViewModel.swift */,
				425B77BE2B44691F00F30BAF /* RegisterViewModel.swift */,
			);
			path = ViewModel;
			sourceTree = "<group>";
		};
		42DB26D42B43160B0051C31A /* Model */ = {
			isa = PBXGroup;
			children = (
			);
			path = Model;
			sourceTree = "<group>";
		};
		42DB26D52B4317760051C31A /* ProjectFiles */ = {
			isa = PBXGroup;
			children = (
				42AF082F2B44D634002EB696 /* GoogleService-Info.plist */,
				42DB26912B430DE20051C31A /* Assets.xcassets */,
				42DB268D2B430DE20051C31A /* TTR_MultiplayerApp.swift */,
			);
			path = ProjectFiles;
			sourceTree = "<group>";
		};
		42DB26D82B4388360051C31A /* Component */ = {
			isa = PBXGroup;
			children = (
				4229F9022B44E519008B04BB /* Other */,
				425B77C02B448F0A00F30BAF /* NavigationBar */,
				425B77B92B44612200F30BAF /* Button */,
				42DB26DE2B439A780051C31A /* SideMenu */,
			);
			path = Component;
			sourceTree = "<group>";
		};
		42DB26DB2B4396750051C31A /* Extension */ = {
			isa = PBXGroup;
			children = (
				42DB26DC2B43968F0051C31A /* ViewExtensions.swift */,
			);
			path = Extension;
			sourceTree = "<group>";
		};
		42DB26DE2B439A780051C31A /* SideMenu */ = {
			isa = PBXGroup;
			children = (
				42DB26D92B4390500051C31A /* SideMenu.swift */,
				42DB26DF2B439A930051C31A /* SideMenuItem.swift */,
			);
			path = SideMenu;
			sourceTree = "<group>";
		};
/* End PBXGroup section */

/* Begin PBXNativeTarget section */
		42DB26892B430DE20051C31A /* TTR-Multiplayer */ = {
			isa = PBXNativeTarget;
			buildConfigurationList = 42DB26982B430DE20051C31A /* Build configuration list for PBXNativeTarget "TTR-Multiplayer" */;
			buildPhases = (
				42DB26862B430DE20051C31A /* Sources */,
				42DB26872B430DE20051C31A /* Frameworks */,
				42DB26882B430DE20051C31A /* Resources */,
			);
			buildRules = (
			);
			dependencies = (
			);
			name = "TTR-Multiplayer";
			packageProductDependencies = (
				42FA97EA2B44B48D00B89772 /* FirebaseAnalytics */,
				42FA97EC2B44B48D00B89772 /* FirebaseAnalyticsOnDeviceConversion */,
				42FA97EE2B44B48D00B89772 /* FirebaseAnalyticsSwift */,
				42FA97F02B44B48D00B89772 /* FirebaseAnalyticsWithoutAdIdSupport */,
				42FA97F22B44B48D00B89772 /* FirebaseAppCheck */,
			);
			productName = "TTR-Multiplayer";
			productReference = 42DB268A2B430DE20051C31A /* TTR-Multiplayer.app */;
			productType = "com.apple.product-type.application";
		};
/* End PBXNativeTarget section */

/* Begin PBXProject section */
		42DB26822B430DE20051C31A /* Project object */ = {
			isa = PBXProject;
			attributes = {
				BuildIndependentTargetsInParallel = 1;
				LastSwiftUpdateCheck = 1500;
				LastUpgradeCheck = 1500;
				TargetAttributes = {
					42DB26892B430DE20051C31A = {
						CreatedOnToolsVersion = 15.0.1;
					};
				};
			};
			buildConfigurationList = 42DB26852B430DE20051C31A /* Build configuration list for PBXProject "TTR-Multiplayer" */;
			compatibilityVersion = "Xcode 14.0";
			developmentRegion = en;
			hasScannedForEncodings = 0;
			knownRegions = (
				en,
				Base,
			);
			mainGroup = 42DB26812B430DE20051C31A;
			packageReferences = (
				42FA97E92B44B48D00B89772 /* XCRemoteSwiftPackageReference "firebase-ios-sdk" */,
			);
			productRefGroup = 42DB268B2B430DE20051C31A /* Products */;
			projectDirPath = "";
			projectRoot = "";
			targets = (
				42DB26892B430DE20051C31A /* TTR-Multiplayer */,
			);
		};
/* End PBXProject section */

/* Begin PBXResourcesBuildPhase section */
		42DB26882B430DE20051C31A /* Resources */ = {
			isa = PBXResourcesBuildPhase;
			buildActionMask = 2147483647;
			files = (
				42DB26952B430DE20051C31A /* Preview Assets.xcassets in Resources */,
				42DB26922B430DE20051C31A /* Assets.xcassets in Resources */,
				42AF08302B44D634002EB696 /* GoogleService-Info.plist in Resources */,
			);
			runOnlyForDeploymentPostprocessing = 0;
		};
/* End PBXResourcesBuildPhase section */

/* Begin PBXSourcesBuildPhase section */
		42DB26862B430DE20051C31A /* Sources */ = {
			isa = PBXSourcesBuildPhase;
			buildActionMask = 2147483647;
			files = (
				42DB26DA2B4390500051C31A /* SideMenu.swift in Sources */,
				425B77BD2B44691200F30BAF /* RegisterView.swift in Sources */,
				425B77BB2B44614800F30BAF /* TTRButton.swift in Sources */,
				425B77B62B44556400F30BAF /* LoginView.swift in Sources */,
				425B77BF2B44691F00F30BAF /* RegisterViewModel.swift in Sources */,
				42DB26E02B439A930051C31A /* SideMenuItem.swift in Sources */,
				4229F9042B44E528008B04BB /* AnimatedHeader.swift in Sources */,
				42DB26902B430DE20051C31A /* MainView.swift in Sources */,
				425B77B82B44557100F30BAF /* LoginViewModel.swift in Sources */,
				42DB26DD2B43968F0051C31A /* ViewExtensions.swift in Sources */,
				42DB268E2B430DE20051C31A /* TTR_MultiplayerApp.swift in Sources */,
				425B77C22B448F2D00F30BAF /* NavigationBackButton.swift in Sources */,
				425B77B42B4454F100F30BAF /* MainViewModel.swift in Sources */,
			);
			runOnlyForDeploymentPostprocessing = 0;
		};
/* End PBXSourcesBuildPhase section */

/* Begin XCBuildConfiguration section */
		42DB26962B430DE20051C31A /* Debug */ = {
			isa = XCBuildConfiguration;
			buildSettings = {
				ALWAYS_SEARCH_USER_PATHS = NO;
				ASSETCATALOG_COMPILER_GENERATE_SWIFT_ASSET_SYMBOL_EXTENSIONS = YES;
				CLANG_ANALYZER_NONNULL = YES;
				CLANG_ANALYZER_NUMBER_OBJECT_CONVERSION = YES_AGGRESSIVE;
				CLANG_CXX_LANGUAGE_STANDARD = "gnu++20";
				CLANG_ENABLE_MODULES = YES;
				CLANG_ENABLE_OBJC_ARC = YES;
				CLANG_ENABLE_OBJC_WEAK = YES;
				CLANG_WARN_BLOCK_CAPTURE_AUTORELEASING = YES;
				CLANG_WARN_BOOL_CONVERSION = YES;
				CLANG_WARN_COMMA = YES;
				CLANG_WARN_CONSTANT_CONVERSION = YES;
				CLANG_WARN_DEPRECATED_OBJC_IMPLEMENTATIONS = YES;
				CLANG_WARN_DIRECT_OBJC_ISA_USAGE = YES_ERROR;
				CLANG_WARN_DOCUMENTATION_COMMENTS = YES;
				CLANG_WARN_EMPTY_BODY = YES;
				CLANG_WARN_ENUM_CONVERSION = YES;
				CLANG_WARN_INFINITE_RECURSION = YES;
				CLANG_WARN_INT_CONVERSION = YES;
				CLANG_WARN_NON_LITERAL_NULL_CONVERSION = YES;
				CLANG_WARN_OBJC_IMPLICIT_RETAIN_SELF = YES;
				CLANG_WARN_OBJC_LITERAL_CONVERSION = YES;
				CLANG_WARN_OBJC_ROOT_CLASS = YES_ERROR;
				CLANG_WARN_QUOTED_INCLUDE_IN_FRAMEWORK_HEADER = YES;
				CLANG_WARN_RANGE_LOOP_ANALYSIS = YES;
				CLANG_WARN_STRICT_PROTOTYPES = YES;
				CLANG_WARN_SUSPICIOUS_MOVE = YES;
				CLANG_WARN_UNGUARDED_AVAILABILITY = YES_AGGRESSIVE;
				CLANG_WARN_UNREACHABLE_CODE = YES;
				CLANG_WARN__DUPLICATE_METHOD_MATCH = YES;
				COPY_PHASE_STRIP = NO;
				DEBUG_INFORMATION_FORMAT = dwarf;
				ENABLE_STRICT_OBJC_MSGSEND = YES;
				ENABLE_TESTABILITY = YES;
				ENABLE_USER_SCRIPT_SANDBOXING = YES;
				GCC_C_LANGUAGE_STANDARD = gnu17;
				GCC_DYNAMIC_NO_PIC = NO;
				GCC_NO_COMMON_BLOCKS = YES;
				GCC_OPTIMIZATION_LEVEL = 0;
				GCC_PREPROCESSOR_DEFINITIONS = (
					"DEBUG=1",
					"$(inherited)",
				);
				GCC_WARN_64_TO_32_BIT_CONVERSION = YES;
				GCC_WARN_ABOUT_RETURN_TYPE = YES_ERROR;
				GCC_WARN_UNDECLARED_SELECTOR = YES;
				GCC_WARN_UNINITIALIZED_AUTOS = YES_AGGRESSIVE;
				GCC_WARN_UNUSED_FUNCTION = YES;
				GCC_WARN_UNUSED_VARIABLE = YES;
				IPHONEOS_DEPLOYMENT_TARGET = 17.0;
				LOCALIZATION_PREFERS_STRING_CATALOGS = YES;
				MTL_ENABLE_DEBUG_INFO = INCLUDE_SOURCE;
				MTL_FAST_MATH = YES;
				ONLY_ACTIVE_ARCH = YES;
				SDKROOT = iphoneos;
				SWIFT_ACTIVE_COMPILATION_CONDITIONS = "DEBUG $(inherited)";
				SWIFT_OPTIMIZATION_LEVEL = "-Onone";
			};
			name = Debug;
		};
		42DB26972B430DE20051C31A /* Release */ = {
			isa = XCBuildConfiguration;
			buildSettings = {
				ALWAYS_SEARCH_USER_PATHS = NO;
				ASSETCATALOG_COMPILER_GENERATE_SWIFT_ASSET_SYMBOL_EXTENSIONS = YES;
				CLANG_ANALYZER_NONNULL = YES;
				CLANG_ANALYZER_NUMBER_OBJECT_CONVERSION = YES_AGGRESSIVE;
				CLANG_CXX_LANGUAGE_STANDARD = "gnu++20";
				CLANG_ENABLE_MODULES = YES;
				CLANG_ENABLE_OBJC_ARC = YES;
				CLANG_ENABLE_OBJC_WEAK = YES;
				CLANG_WARN_BLOCK_CAPTURE_AUTORELEASING = YES;
				CLANG_WARN_BOOL_CONVERSION = YES;
				CLANG_WARN_COMMA = YES;
				CLANG_WARN_CONSTANT_CONVERSION = YES;
				CLANG_WARN_DEPRECATED_OBJC_IMPLEMENTATIONS = YES;
				CLANG_WARN_DIRECT_OBJC_ISA_USAGE = YES_ERROR;
				CLANG_WARN_DOCUMENTATION_COMMENTS = YES;
				CLANG_WARN_EMPTY_BODY = YES;
				CLANG_WARN_ENUM_CONVERSION = YES;
				CLANG_WARN_INFINITE_RECURSION = YES;
				CLANG_WARN_INT_CONVERSION = YES;
				CLANG_WARN_NON_LITERAL_NULL_CONVERSION = YES;
				CLANG_WARN_OBJC_IMPLICIT_RETAIN_SELF = YES;
				CLANG_WARN_OBJC_LITERAL_CONVERSION = YES;
				CLANG_WARN_OBJC_ROOT_CLASS = YES_ERROR;
				CLANG_WARN_QUOTED_INCLUDE_IN_FRAMEWORK_HEADER = YES;
				CLANG_WARN_RANGE_LOOP_ANALYSIS = YES;
				CLANG_WARN_STRICT_PROTOTYPES = YES;
				CLANG_WARN_SUSPICIOUS_MOVE = YES;
				CLANG_WARN_UNGUARDED_AVAILABILITY = YES_AGGRESSIVE;
				CLANG_WARN_UNREACHABLE_CODE = YES;
				CLANG_WARN__DUPLICATE_METHOD_MATCH = YES;
				COPY_PHASE_STRIP = NO;
				DEBUG_INFORMATION_FORMAT = "dwarf-with-dsym";
				ENABLE_NS_ASSERTIONS = NO;
				ENABLE_STRICT_OBJC_MSGSEND = YES;
				ENABLE_USER_SCRIPT_SANDBOXING = YES;
				GCC_C_LANGUAGE_STANDARD = gnu17;
				GCC_NO_COMMON_BLOCKS = YES;
				GCC_WARN_64_TO_32_BIT_CONVERSION = YES;
				GCC_WARN_ABOUT_RETURN_TYPE = YES_ERROR;
				GCC_WARN_UNDECLARED_SELECTOR = YES;
				GCC_WARN_UNINITIALIZED_AUTOS = YES_AGGRESSIVE;
				GCC_WARN_UNUSED_FUNCTION = YES;
				GCC_WARN_UNUSED_VARIABLE = YES;
				IPHONEOS_DEPLOYMENT_TARGET = 17.0;
				LOCALIZATION_PREFERS_STRING_CATALOGS = YES;
				MTL_ENABLE_DEBUG_INFO = NO;
				MTL_FAST_MATH = YES;
				SDKROOT = iphoneos;
				SWIFT_COMPILATION_MODE = wholemodule;
				VALIDATE_PRODUCT = YES;
			};
			name = Release;
		};
		42DB26992B430DE20051C31A /* Debug */ = {
			isa = XCBuildConfiguration;
			buildSettings = {
				ASSETCATALOG_COMPILER_APPICON_NAME = AppIcon;
				ASSETCATALOG_COMPILER_GLOBAL_ACCENT_COLOR_NAME = AccentColor;
				CODE_SIGN_STYLE = Automatic;
				CURRENT_PROJECT_VERSION = 2;
				DEVELOPMENT_ASSET_PATHS = "\"TTR-Multiplayer/Preview Content\"";
				DEVELOPMENT_TEAM = 7N86599UQZ;
				ENABLE_PREVIEWS = YES;
				GENERATE_INFOPLIST_FILE = YES;
				INFOPLIST_KEY_UIApplicationSceneManifest_Generation = YES;
				INFOPLIST_KEY_UIApplicationSupportsIndirectInputEvents = YES;
				INFOPLIST_KEY_UILaunchScreen_Generation = YES;
				INFOPLIST_KEY_UISupportedInterfaceOrientations = UIInterfaceOrientationPortrait;
				IPHONEOS_DEPLOYMENT_TARGET = 15.0;
				LD_RUNPATH_SEARCH_PATHS = (
					"$(inherited)",
					"@executable_path/Frameworks",
				);
				MARKETING_VERSION = 1.0;
				PRODUCT_BUNDLE_IDENTIFIER = com.parsak.TTRMultiplayer;
				PRODUCT_NAME = "$(TARGET_NAME)";
				SWIFT_EMIT_LOC_STRINGS = YES;
				SWIFT_VERSION = 5.0;
				TARGETED_DEVICE_FAMILY = "1,2";
			};
			name = Debug;
		};
		42DB269A2B430DE20051C31A /* Release */ = {
			isa = XCBuildConfiguration;
			buildSettings = {
				ASSETCATALOG_COMPILER_APPICON_NAME = AppIcon;
				ASSETCATALOG_COMPILER_GLOBAL_ACCENT_COLOR_NAME = AccentColor;
				CODE_SIGN_STYLE = Automatic;
				CURRENT_PROJECT_VERSION = 2;
				DEVELOPMENT_ASSET_PATHS = "\"TTR-Multiplayer/Preview Content\"";
				DEVELOPMENT_TEAM = 7N86599UQZ;
				ENABLE_PREVIEWS = YES;
				GENERATE_INFOPLIST_FILE = YES;
				INFOPLIST_KEY_UIApplicationSceneManifest_Generation = YES;
				INFOPLIST_KEY_UIApplicationSupportsIndirectInputEvents = YES;
				INFOPLIST_KEY_UILaunchScreen_Generation = YES;
				INFOPLIST_KEY_UISupportedInterfaceOrientations = UIInterfaceOrientationPortrait;
				IPHONEOS_DEPLOYMENT_TARGET = 15.0;
				LD_RUNPATH_SEARCH_PATHS = (
					"$(inherited)",
					"@executable_path/Frameworks",
				);
				MARKETING_VERSION = 1.0;
				PRODUCT_BUNDLE_IDENTIFIER = com.parsak.TTRMultiplayer;
				PRODUCT_NAME = "$(TARGET_NAME)";
				SWIFT_EMIT_LOC_STRINGS = YES;
				SWIFT_VERSION = 5.0;
				TARGETED_DEVICE_FAMILY = "1,2";
			};
			name = Release;
		};
/* End XCBuildConfiguration section */

/* Begin XCConfigurationList section */
		42DB26852B430DE20051C31A /* Build configuration list for PBXProject "TTR-Multiplayer" */ = {
			isa = XCConfigurationList;
			buildConfigurations = (
				42DB26962B430DE20051C31A /* Debug */,
				42DB26972B430DE20051C31A /* Release */,
			);
			defaultConfigurationIsVisible = 0;
			defaultConfigurationName = Release;
		};
		42DB26982B430DE20051C31A /* Build configuration list for PBXNativeTarget "TTR-Multiplayer" */ = {
			isa = XCConfigurationList;
			buildConfigurations = (
				42DB26992B430DE20051C31A /* Debug */,
				42DB269A2B430DE20051C31A /* Release */,
			);
			defaultConfigurationIsVisible = 0;
			defaultConfigurationName = Release;
		};
/* End XCConfigurationList section */

/* Begin XCRemoteSwiftPackageReference section */
		42FA97E92B44B48D00B89772 /* XCRemoteSwiftPackageReference "firebase-ios-sdk" */ = {
			isa = XCRemoteSwiftPackageReference;
			repositoryURL = "https://github.com/firebase/firebase-ios-sdk";
			requirement = {
				kind = upToNextMajorVersion;
				minimumVersion = 10.19.1;
			};
		};
/* End XCRemoteSwiftPackageReference section */

/* Begin XCSwiftPackageProductDependency section */
		42FA97EA2B44B48D00B89772 /* FirebaseAnalytics */ = {
			isa = XCSwiftPackageProductDependency;
			package = 42FA97E92B44B48D00B89772 /* XCRemoteSwiftPackageReference "firebase-ios-sdk" */;
			productName = FirebaseAnalytics;
		};
		42FA97EC2B44B48D00B89772 /* FirebaseAnalyticsOnDeviceConversion */ = {
			isa = XCSwiftPackageProductDependency;
			package = 42FA97E92B44B48D00B89772 /* XCRemoteSwiftPackageReference "firebase-ios-sdk" */;
			productName = FirebaseAnalyticsOnDeviceConversion;
		};
		42FA97EE2B44B48D00B89772 /* FirebaseAnalyticsSwift */ = {
			isa = XCSwiftPackageProductDependency;
			package = 42FA97E92B44B48D00B89772 /* XCRemoteSwiftPackageReference "firebase-ios-sdk" */;
			productName = FirebaseAnalyticsSwift;
		};
		42FA97F02B44B48D00B89772 /* FirebaseAnalyticsWithoutAdIdSupport */ = {
			isa = XCSwiftPackageProductDependency;
			package = 42FA97E92B44B48D00B89772 /* XCRemoteSwiftPackageReference "firebase-ios-sdk" */;
			productName = FirebaseAnalyticsWithoutAdIdSupport;
		};
		42FA97F22B44B48D00B89772 /* FirebaseAppCheck */ = {
			isa = XCSwiftPackageProductDependency;
			package = 42FA97E92B44B48D00B89772 /* XCRemoteSwiftPackageReference "firebase-ios-sdk" */;
			productName = FirebaseAppCheck;
		};
/* End XCSwiftPackageProductDependency section */
	};
	rootObject = 42DB26822B430DE20051C31A /* Project object */;
}
